
Microsoft Visual Studio Solution File, Format Version 12.00
# Visual Studio 15
VisualStudioVersion = 15.0.28010.0
MinimumVisualStudioVersion = 10.0.40219.1
Project("{FAE04EC0-301F-11D3-BF4B-00C04F79EFBC}") = "PracticaPerimetros", "PracticaPerimetros\PracticaPerimetros.csproj", "{14FC2564-AAF5-4164-BB07-F22CCC5AFC6E}"
EndProject
Global
	GlobalSection(SolutionConfigurationPlatforms) = preSolution
		Debug|Any CPU = Debug|Any CPU
		Release|Any CPU = Release|Any CPU
	EndGlobalSection
	GlobalSection(ProjectConfigurationPlatforms) = postSolution
		{14FC2564-AAF5-4164-BB07-F22CCC5AFC6E}.Debug|Any CPU.ActiveCfg = Debug|Any CPU
		{14FC2564-AAF5-4164-BB07-F22CCC5AFC6E}.Debug|Any CPU.Build.0 = Debug|Any CPU
		{14FC2564-AAF5-4164-BB07-F22CCC5AFC6E}.Release|Any CPU.ActiveCfg = Release|Any CPU
		{14FC2564-AAF5-4164-BB07-F22CCC5AFC6E}.Release|Any CPU.Build.0 = Release|Any CPU
	EndGlobalSection
	GlobalSection(SolutionProperties) = preSolution
		HideSolutionNode = FALSE
	EndGlobalSection
	GlobalSection(ExtensibilityGlobals) = postSolution
		SolutionGuid = {35FA6486-2EF1-4361-9E0E-54EBBD06D153}
	EndGlobalSection
EndGlobal
